
Microsoft Visual Studio Solution File, Format Version 12.00
# Visual Studio 15
Project("{FAE04EC0-301F-11D3-BF4B-00C04F79EFBC}") = "AstarPathfindingProjectEditor", "AstarPathfindingProjectEditor.csproj", "{FF910E02-72F4-70E4-5C6C-7386D5A03ABF}"
EndProject
Project("{FAE04EC0-301F-11D3-BF4B-00C04F79EFBC}") = "AstarPathfindingProject", "AstarPathfindingProject.csproj", "{C70CE822-6E14-17B8-1D7C-1154F542DD5F}"
EndProject
Project("{FAE04EC0-301F-11D3-BF4B-00C04F79EFBC}") = "Assembly-CSharp", "Assembly-CSharp.csproj", "{2D2DF8F9-E051-AFB7-9A57-68D9E977C36B}"
EndProject
Project("{FAE04EC0-301F-11D3-BF4B-00C04F79EFBC}") = "PackageToolsEditor", "PackageToolsEditor.csproj", "{1B94CA71-1EED-B63E-98BF-5FCF4B69CFC6}"
EndProject
Project("{FAE04EC0-301F-11D3-BF4B-00C04F79EFBC}") = "Assembly-CSharp-Editor", "Assembly-CSharp-Editor.csproj", "{50F935FF-B8C5-F70C-F0E9-5A766B41382E}"
EndProject
Global
	GlobalSection(SolutionConfigurationPlatforms) = preSolution
		Debug|Any CPU = Debug|Any CPU
		Release|Any CPU = Release|Any CPU
	EndGlobalSection
	GlobalSection(ProjectConfigurationPlatforms) = postSolution
		{FF910E02-72F4-70E4-5C6C-7386D5A03ABF}.Debug|Any CPU.ActiveCfg = Debug|Any CPU
		{FF910E02-72F4-70E4-5C6C-7386D5A03ABF}.Debug|Any CPU.Build.0 = Debug|Any CPU
		{FF910E02-72F4-70E4-5C6C-7386D5A03ABF}.Release|Any CPU.ActiveCfg = Release|Any CPU
		{FF910E02-72F4-70E4-5C6C-7386D5A03ABF}.Release|Any CPU.Build.0 = Release|Any CPU
		{C70CE822-6E14-17B8-1D7C-1154F542DD5F}.Debug|Any CPU.ActiveCfg = Debug|Any CPU
		{C70CE822-6E14-17B8-1D7C-1154F542DD5F}.Debug|Any CPU.Build.0 = Debug|Any CPU
		{C70CE822-6E14-17B8-1D7C-1154F542DD5F}.Release|Any CPU.ActiveCfg = Release|Any CPU
		{C70CE822-6E14-17B8-1D7C-1154F542DD5F}.Release|Any CPU.Build.0 = Release|Any CPU
		{2D2DF8F9-E051-AFB7-9A57-68D9E977C36B}.Debug|Any CPU.ActiveCfg = Debug|Any CPU
		{2D2DF8F9-E051-AFB7-9A57-68D9E977C36B}.Debug|Any CPU.Build.0 = Debug|Any CPU
		{2D2DF8F9-E051-AFB7-9A57-68D9E977C36B}.Release|Any CPU.ActiveCfg = Release|Any CPU
		{2D2DF8F9-E051-AFB7-9A57-68D9E977C36B}.Release|Any CPU.Build.0 = Release|Any CPU
		{1B94CA71-1EED-B63E-98BF-5FCF4B69CFC6}.Debug|Any CPU.ActiveCfg = Debug|Any CPU
		{1B94CA71-1EED-B63E-98BF-5FCF4B69CFC6}.Debug|Any CPU.Build.0 = Debug|Any CPU
		{1B94CA71-1EED-B63E-98BF-5FCF4B69CFC6}.Release|Any CPU.ActiveCfg = Release|Any CPU
		{1B94CA71-1EED-B63E-98BF-5FCF4B69CFC6}.Release|Any CPU.Build.0 = Release|Any CPU
		{50F935FF-B8C5-F70C-F0E9-5A766B41382E}.Debug|Any CPU.ActiveCfg = Debug|Any CPU
		{50F935FF-B8C5-F70C-F0E9-5A766B41382E}.Debug|Any CPU.Build.0 = Debug|Any CPU
		{50F935FF-B8C5-F70C-F0E9-5A766B41382E}.Release|Any CPU.ActiveCfg = Release|Any CPU
		{50F935FF-B8C5-F70C-F0E9-5A766B41382E}.Release|Any CPU.Build.0 = Release|Any CPU
	EndGlobalSection
	GlobalSection(SolutionProperties) = preSolution
		HideSolutionNode = FALSE
	EndGlobalSection
EndGlobal
